
Microsoft Visual Studio Solution File, Format Version 12.00
# Visual Studio Version 16
VisualStudioVersion = 16.0.31402.337
MinimumVisualStudioVersion = 10.0.40219.1
Project("{FAE04EC0-301F-11D3-BF4B-00C04F79EFBC}") = "1-Fibonacci", "1-Fibonacci\1-Fibonacci.csproj", "{77F71B4B-6CE7-4A6A-AF21-B1D6C6BDBD5D}"
EndProject
Project("{FAE04EC0-301F-11D3-BF4B-00C04F79EFBC}") = "2-Pyramid", "2-Pyramid\2-Pyramid.csproj", "{D0DB1E47-3CD7-4094-BF5C-D5B85A0A6575}"
EndProject
Project("{FAE04EC0-301F-11D3-BF4B-00C04F79EFBC}") = "3-Table", "3-Table\3-Table.csproj", "{3EB3C6CA-32F8-496B-8581-E8C8AD053ED1}"
EndProject
Global
	GlobalSection(SolutionConfigurationPlatforms) = preSolution
		Debug|Any CPU = Debug|Any CPU
		Release|Any CPU = Release|Any CPU
	EndGlobalSection
	GlobalSection(ProjectConfigurationPlatforms) = postSolution
		{77F71B4B-6CE7-4A6A-AF21-B1D6C6BDBD5D}.Debug|Any CPU.ActiveCfg = Debug|Any CPU
		{77F71B4B-6CE7-4A6A-AF21-B1D6C6BDBD5D}.Debug|Any CPU.Build.0 = Debug|Any CPU
		{77F71B4B-6CE7-4A6A-AF21-B1D6C6BDBD5D}.Release|Any CPU.ActiveCfg = Release|Any CPU
		{77F71B4B-6CE7-4A6A-AF21-B1D6C6BDBD5D}.Release|Any CPU.Build.0 = Release|Any CPU
		{D0DB1E47-3CD7-4094-BF5C-D5B85A0A6575}.Debug|Any CPU.ActiveCfg = Debug|Any CPU
		{D0DB1E47-3CD7-4094-BF5C-D5B85A0A6575}.Debug|Any CPU.Build.0 = Debug|Any CPU
		{D0DB1E47-3CD7-4094-BF5C-D5B85A0A6575}.Release|Any CPU.ActiveCfg = Release|Any CPU
		{D0DB1E47-3CD7-4094-BF5C-D5B85A0A6575}.Release|Any CPU.Build.0 = Release|Any CPU
		{3EB3C6CA-32F8-496B-8581-E8C8AD053ED1}.Debug|Any CPU.ActiveCfg = Debug|Any CPU
		{3EB3C6CA-32F8-496B-8581-E8C8AD053ED1}.Debug|Any CPU.Build.0 = Debug|Any CPU
		{3EB3C6CA-32F8-496B-8581-E8C8AD053ED1}.Release|Any CPU.ActiveCfg = Release|Any CPU
		{3EB3C6CA-32F8-496B-8581-E8C8AD053ED1}.Release|Any CPU.Build.0 = Release|Any CPU
	EndGlobalSection
	GlobalSection(SolutionProperties) = preSolution
		HideSolutionNode = FALSE
	EndGlobalSection
	GlobalSection(ExtensibilityGlobals) = postSolution
		SolutionGuid = {51C128FD-D4D0-43F4-8018-D31249AF89DE}
	EndGlobalSection
EndGlobal
