
Microsoft Visual Studio Solution File, Format Version 12.00
# Visual Studio Version 16
VisualStudioVersion = 16.0.31515.178
MinimumVisualStudioVersion = 10.0.40219.1
Project("{9A19103F-16F7-4668-BE54-9A1E7A4F7556}") = "1-On Time for the Exam", "1-On Time for the Exam\1-On Time for the Exam.csproj", "{F960C7D0-C220-4C5F-BB85-8794F721F2D9}"
EndProject
Project("{9A19103F-16F7-4668-BE54-9A1E7A4F7556}") = "2-Trip", "2-Trip\2-Trip.csproj", "{750F9B84-CA4A-4D75-B337-4B6B9C17D7D4}"
EndProject
Project("{9A19103F-16F7-4668-BE54-9A1E7A4F7556}") = "3-Operations with Numbers", "Operations with Numbers\3-Operations with Numbers.csproj", "{9BADEF1E-1756-4727-8C66-CEA70E2B503C}"
EndProject
Project("{FAE04EC0-301F-11D3-BF4B-00C04F79EFBC}") = "4-Game Tickets", "Game Tickets\4-Game Tickets.csproj", "{D1A4AD71-E1DC-4B5E-A5FA-278FD04B2581}"
EndProject
Project("{FAE04EC0-301F-11D3-BF4B-00C04F79EFBC}") = "5-Hotel Room", "5-Hotel Room\5-Hotel Room.csproj", "{1C68F2FF-92A1-47ED-8BBF-81942D7F9AE8}"
EndProject
Global
	GlobalSection(SolutionConfigurationPlatforms) = preSolution
		Debug|Any CPU = Debug|Any CPU
		Release|Any CPU = Release|Any CPU
	EndGlobalSection
	GlobalSection(ProjectConfigurationPlatforms) = postSolution
		{F960C7D0-C220-4C5F-BB85-8794F721F2D9}.Debug|Any CPU.ActiveCfg = Debug|Any CPU
		{F960C7D0-C220-4C5F-BB85-8794F721F2D9}.Debug|Any CPU.Build.0 = Debug|Any CPU
		{F960C7D0-C220-4C5F-BB85-8794F721F2D9}.Release|Any CPU.ActiveCfg = Release|Any CPU
		{F960C7D0-C220-4C5F-BB85-8794F721F2D9}.Release|Any CPU.Build.0 = Release|Any CPU
		{750F9B84-CA4A-4D75-B337-4B6B9C17D7D4}.Debug|Any CPU.ActiveCfg = Debug|Any CPU
		{750F9B84-CA4A-4D75-B337-4B6B9C17D7D4}.Debug|Any CPU.Build.0 = Debug|Any CPU
		{750F9B84-CA4A-4D75-B337-4B6B9C17D7D4}.Release|Any CPU.ActiveCfg = Release|Any CPU
		{750F9B84-CA4A-4D75-B337-4B6B9C17D7D4}.Release|Any CPU.Build.0 = Release|Any CPU
		{9BADEF1E-1756-4727-8C66-CEA70E2B503C}.Debug|Any CPU.ActiveCfg = Debug|Any CPU
		{9BADEF1E-1756-4727-8C66-CEA70E2B503C}.Debug|Any CPU.Build.0 = Debug|Any CPU
		{9BADEF1E-1756-4727-8C66-CEA70E2B503C}.Release|Any CPU.ActiveCfg = Release|Any CPU
		{9BADEF1E-1756-4727-8C66-CEA70E2B503C}.Release|Any CPU.Build.0 = Release|Any CPU
		{D1A4AD71-E1DC-4B5E-A5FA-278FD04B2581}.Debug|Any CPU.ActiveCfg = Debug|Any CPU
		{D1A4AD71-E1DC-4B5E-A5FA-278FD04B2581}.Debug|Any CPU.Build.0 = Debug|Any CPU
		{D1A4AD71-E1DC-4B5E-A5FA-278FD04B2581}.Release|Any CPU.ActiveCfg = Release|Any CPU
		{D1A4AD71-E1DC-4B5E-A5FA-278FD04B2581}.Release|Any CPU.Build.0 = Release|Any CPU
		{1C68F2FF-92A1-47ED-8BBF-81942D7F9AE8}.Debug|Any CPU.ActiveCfg = Debug|Any CPU
		{1C68F2FF-92A1-47ED-8BBF-81942D7F9AE8}.Debug|Any CPU.Build.0 = Debug|Any CPU
		{1C68F2FF-92A1-47ED-8BBF-81942D7F9AE8}.Release|Any CPU.ActiveCfg = Release|Any CPU
		{1C68F2FF-92A1-47ED-8BBF-81942D7F9AE8}.Release|Any CPU.Build.0 = Release|Any CPU
	EndGlobalSection
	GlobalSection(SolutionProperties) = preSolution
		HideSolutionNode = FALSE
	EndGlobalSection
	GlobalSection(ExtensibilityGlobals) = postSolution
		SolutionGuid = {FAA48D0B-5733-4EF7-85AA-39A9D82C7AB9}
	EndGlobalSection
EndGlobal
