
Microsoft Visual Studio Solution File, Format Version 12.00
# Visual Studio Version 16
VisualStudioVersion = 16.0.31515.178
MinimumVisualStudioVersion = 10.0.40219.1
Project("{9A19103F-16F7-4668-BE54-9A1E7A4F7556}") = "1-Crossing Sequences", "1-Crossing Sequences\1-Crossing Sequences.csproj", "{D22D87A8-7F75-4ADD-90C0-38641EE4240D}"
EndProject
Project("{9A19103F-16F7-4668-BE54-9A1E7A4F7556}") = "2-Magic Dates", "2-Magic Dates\2-Magic Dates.csproj", "{580401FE-EA52-467A-979C-6886269DCB55}"
EndProject
Project("{FAE04EC0-301F-11D3-BF4B-00C04F79EFBC}") = "3-Five Special Letters", "3-Five Special Letters\3-Five Special Letters.csproj", "{14DB9B26-2197-4EE3-9F81-EDB4C954ED10}"
EndProject
Global
	GlobalSection(SolutionConfigurationPlatforms) = preSolution
		Debug|Any CPU = Debug|Any CPU
		Release|Any CPU = Release|Any CPU
	EndGlobalSection
	GlobalSection(ProjectConfigurationPlatforms) = postSolution
		{D22D87A8-7F75-4ADD-90C0-38641EE4240D}.Debug|Any CPU.ActiveCfg = Debug|Any CPU
		{D22D87A8-7F75-4ADD-90C0-38641EE4240D}.Debug|Any CPU.Build.0 = Debug|Any CPU
		{D22D87A8-7F75-4ADD-90C0-38641EE4240D}.Release|Any CPU.ActiveCfg = Release|Any CPU
		{D22D87A8-7F75-4ADD-90C0-38641EE4240D}.Release|Any CPU.Build.0 = Release|Any CPU
		{580401FE-EA52-467A-979C-6886269DCB55}.Debug|Any CPU.ActiveCfg = Debug|Any CPU
		{580401FE-EA52-467A-979C-6886269DCB55}.Debug|Any CPU.Build.0 = Debug|Any CPU
		{580401FE-EA52-467A-979C-6886269DCB55}.Release|Any CPU.ActiveCfg = Release|Any CPU
		{580401FE-EA52-467A-979C-6886269DCB55}.Release|Any CPU.Build.0 = Release|Any CPU
		{14DB9B26-2197-4EE3-9F81-EDB4C954ED10}.Debug|Any CPU.ActiveCfg = Debug|Any CPU
		{14DB9B26-2197-4EE3-9F81-EDB4C954ED10}.Debug|Any CPU.Build.0 = Debug|Any CPU
		{14DB9B26-2197-4EE3-9F81-EDB4C954ED10}.Release|Any CPU.ActiveCfg = Release|Any CPU
		{14DB9B26-2197-4EE3-9F81-EDB4C954ED10}.Release|Any CPU.Build.0 = Release|Any CPU
	EndGlobalSection
	GlobalSection(SolutionProperties) = preSolution
		HideSolutionNode = FALSE
	EndGlobalSection
	GlobalSection(ExtensibilityGlobals) = postSolution
		SolutionGuid = {100A567B-0942-4D91-A5FA-FAE82240E191}
	EndGlobalSection
EndGlobal
