
Microsoft Visual Studio Solution File, Format Version 12.00
# Visual Studio Version 16
VisualStudioVersion = 16.0.31515.178
MinimumVisualStudioVersion = 10.0.40219.1
Project("{9A19103F-16F7-4668-BE54-9A1E7A4F7556}") = "1-Transportation Price", "1-Transportation Price\1-Transportation Price.csproj", "{DE5C5525-618E-45E4-9BF8-E46DD3FC7377}"
EndProject
Project("{9A19103F-16F7-4668-BE54-9A1E7A4F7556}") = "2-Pipes in Pool", "Pipes in Pool\2-Pipes in Pool.csproj", "{07F6C2A0-22DB-466F-94D0-2273F830672C}"
EndProject
Project("{9A19103F-16F7-4668-BE54-9A1E7A4F7556}") = "3-Sleepy Tom Cat", "03-Sleepy Tom Cat\3-Sleepy Tom Cat.csproj", "{87DF4B55-1B25-4C4A-B4AB-81673B3CC488}"
EndProject
Project("{FAE04EC0-301F-11D3-BF4B-00C04F79EFBC}") = "4-Harvest", "4-Harvest\4-Harvest.csproj", "{7ECA1277-892C-42F0-9E16-3FCC76C6FD21}"
EndProject
Project("{FAE04EC0-301F-11D3-BF4B-00C04F79EFBC}") = "5-Firm", "5-Firm\5-Firm.csproj", "{A539F25B-6875-48B7-B8F4-1D12DADF027C}"
EndProject
Global
	GlobalSection(SolutionConfigurationPlatforms) = preSolution
		Debug|Any CPU = Debug|Any CPU
		Release|Any CPU = Release|Any CPU
	EndGlobalSection
	GlobalSection(ProjectConfigurationPlatforms) = postSolution
		{DE5C5525-618E-45E4-9BF8-E46DD3FC7377}.Debug|Any CPU.ActiveCfg = Debug|Any CPU
		{DE5C5525-618E-45E4-9BF8-E46DD3FC7377}.Debug|Any CPU.Build.0 = Debug|Any CPU
		{DE5C5525-618E-45E4-9BF8-E46DD3FC7377}.Release|Any CPU.ActiveCfg = Release|Any CPU
		{DE5C5525-618E-45E4-9BF8-E46DD3FC7377}.Release|Any CPU.Build.0 = Release|Any CPU
		{07F6C2A0-22DB-466F-94D0-2273F830672C}.Debug|Any CPU.ActiveCfg = Debug|Any CPU
		{07F6C2A0-22DB-466F-94D0-2273F830672C}.Debug|Any CPU.Build.0 = Debug|Any CPU
		{07F6C2A0-22DB-466F-94D0-2273F830672C}.Release|Any CPU.ActiveCfg = Release|Any CPU
		{07F6C2A0-22DB-466F-94D0-2273F830672C}.Release|Any CPU.Build.0 = Release|Any CPU
		{87DF4B55-1B25-4C4A-B4AB-81673B3CC488}.Debug|Any CPU.ActiveCfg = Debug|Any CPU
		{87DF4B55-1B25-4C4A-B4AB-81673B3CC488}.Debug|Any CPU.Build.0 = Debug|Any CPU
		{87DF4B55-1B25-4C4A-B4AB-81673B3CC488}.Release|Any CPU.ActiveCfg = Release|Any CPU
		{87DF4B55-1B25-4C4A-B4AB-81673B3CC488}.Release|Any CPU.Build.0 = Release|Any CPU
		{7ECA1277-892C-42F0-9E16-3FCC76C6FD21}.Debug|Any CPU.ActiveCfg = Debug|Any CPU
		{7ECA1277-892C-42F0-9E16-3FCC76C6FD21}.Debug|Any CPU.Build.0 = Debug|Any CPU
		{7ECA1277-892C-42F0-9E16-3FCC76C6FD21}.Release|Any CPU.ActiveCfg = Release|Any CPU
		{7ECA1277-892C-42F0-9E16-3FCC76C6FD21}.Release|Any CPU.Build.0 = Release|Any CPU
		{A539F25B-6875-48B7-B8F4-1D12DADF027C}.Debug|Any CPU.ActiveCfg = Debug|Any CPU
		{A539F25B-6875-48B7-B8F4-1D12DADF027C}.Debug|Any CPU.Build.0 = Debug|Any CPU
		{A539F25B-6875-48B7-B8F4-1D12DADF027C}.Release|Any CPU.ActiveCfg = Release|Any CPU
		{A539F25B-6875-48B7-B8F4-1D12DADF027C}.Release|Any CPU.Build.0 = Release|Any CPU
	EndGlobalSection
	GlobalSection(SolutionProperties) = preSolution
		HideSolutionNode = FALSE
	EndGlobalSection
	GlobalSection(ExtensibilityGlobals) = postSolution
		SolutionGuid = {53D139BD-A0A0-4742-8D9C-B41CB691EA9E}
	EndGlobalSection
EndGlobal
